// !$*UTF8*$!
{
	archiveVersion = 1;
	classes = {
	};
	objectVersion = 55;
	objects = {

/* Begin PBXBuildFile section */
		9C23E38A2853927E00815CCA /* Renderer.cpp in Sources */ = {isa = PBXBuildFile; fileRef = 9C23E3882853927E00815CCA /* Renderer.cpp */; };
		9C23E38E2853952800815CCA /* VertexBuffer.cpp in Sources */ = {isa = PBXBuildFile; fileRef = 9C23E38C2853952800815CCA /* VertexBuffer.cpp */; };
		9C23E3912853986900815CCA /* IndexBuffer.cpp in Sources */ = {isa = PBXBuildFile; fileRef = 9C23E38F2853986900815CCA /* IndexBuffer.cpp */; };
		9C23E3942853A5DE00815CCA /* VertexArray.cpp in Sources */ = {isa = PBXBuildFile; fileRef = 9C23E3922853A5DE00815CCA /* VertexArray.cpp */; };
		9C23E3972853A6C600815CCA /* VertexBufferLayout.cpp in Sources */ = {isa = PBXBuildFile; fileRef = 9C23E3952853A6C600815CCA /* VertexBufferLayout.cpp */; };
		9C501A9B284BC35000C03F0F /* main.cpp in Sources */ = {isa = PBXBuildFile; fileRef = 9C501A9A284BC35000C03F0F /* main.cpp */; };
		9C80D88B28638E5F00CB2005 /* VertexBufferLayout.cpp in Sources */ = {isa = PBXBuildFile; fileRef = 9C80D87928638E5E00CB2005 /* VertexBufferLayout.cpp */; };
		9C80D88C28638E5F00CB2005 /* IndexBuffer.cpp in Sources */ = {isa = PBXBuildFile; fileRef = 9C80D87A28638E5E00CB2005 /* IndexBuffer.cpp */; };
		9C80D88D28638E5F00CB2005 /* Renderer.cpp in Sources */ = {isa = PBXBuildFile; fileRef = 9C80D87B28638E5E00CB2005 /* Renderer.cpp */; };
		9C80D88E28638E5F00CB2005 /* Texture.cpp in Sources */ = {isa = PBXBuildFile; fileRef = 9C80D87C28638E5E00CB2005 /* Texture.cpp */; };
		9C80D88F28638E5F00CB2005 /* main.cpp in Sources */ = {isa = PBXBuildFile; fileRef = 9C80D87E28638E5E00CB2005 /* main.cpp */; };
		9C80D89028638E5F00CB2005 /* Shader.cpp in Sources */ = {isa = PBXBuildFile; fileRef = 9C80D88428638E5F00CB2005 /* Shader.cpp */; };
		9C80D89128638E5F00CB2005 /* VertexArray.cpp in Sources */ = {isa = PBXBuildFile; fileRef = 9C80D88528638E5F00CB2005 /* VertexArray.cpp */; };
		9C80D89228638E5F00CB2005 /* VertexBuffer.cpp in Sources */ = {isa = PBXBuildFile; fileRef = 9C80D88828638E5F00CB2005 /* VertexBuffer.cpp */; };
		9C80D89328638EFF00CB2005 /* libglfw3.a in Frameworks */ = {isa = PBXBuildFile; fileRef = 9CA2E0EF284E9DAD00C6F260 /* libglfw3.a */; };
		9C80D89428638F0800CB2005 /* IOKit.framework in Frameworks */ = {isa = PBXBuildFile; fileRef = 9CA2E0F9284EA04C00C6F260 /* IOKit.framework */; };
		9C80D89528638F1200CB2005 /* Cocoa.framework in Frameworks */ = {isa = PBXBuildFile; fileRef = 9CA2E0FF284EA26D00C6F260 /* Cocoa.framework */; };
		9C80D89628638F1D00CB2005 /* CoreVideo.framework in Frameworks */ = {isa = PBXBuildFile; fileRef = 9CA2E102284EA2B400C6F260 /* CoreVideo.framework */; };
		9C80D89728638F2700CB2005 /* OpenGL.framework in Frameworks */ = {isa = PBXBuildFile; fileRef = 9CA2E0FD284EA0FE00C6F260 /* OpenGL.framework */; };
		9C80D89828638F2B00CB2005 /* GLKit.framework in Frameworks */ = {isa = PBXBuildFile; fileRef = 9CA2E10F284F2E2700C6F260 /* GLKit.framework */; };
		9C80D8BF28638FF800CB2005 /* glad.c in Sources */ = {isa = PBXBuildFile; fileRef = 9CA2E132284FAB8A00C6F260 /* glad.c */; };
		9C80D8C32863908700CB2005 /* stb_image.h in Sources */ = {isa = PBXBuildFile; fileRef = 9C80D8C22863907D00CB2005 /* stb_image.h */; };
		9C80D8C42863908A00CB2005 /* stb_image.cpp in Sources */ = {isa = PBXBuildFile; fileRef = 9C80D8C12863907D00CB2005 /* stb_image.cpp */; };
		9C80D8CF286390BC00CB2005 /* imgui_impl_opengl2.cpp in Sources */ = {isa = PBXBuildFile; fileRef = 9C80D8CE286390BC00CB2005 /* imgui_impl_opengl2.cpp */; };
		9C80D8D5286390CC00CB2005 /* imgui_demo.cpp in Sources */ = {isa = PBXBuildFile; fileRef = 9C80D8D4286390CC00CB2005 /* imgui_demo.cpp */; };
		9C80D8DC2863920100CB2005 /* imgui_widgets.cpp in Sources */ = {isa = PBXBuildFile; fileRef = 9C80D8D62863920000CB2005 /* imgui_widgets.cpp */; };
		9C80D8DD2863920100CB2005 /* imgui.cpp in Sources */ = {isa = PBXBuildFile; fileRef = 9C80D8D72863920000CB2005 /* imgui.cpp */; };
		9C80D8DE2863920100CB2005 /* imgui_impl_glfw.cpp in Sources */ = {isa = PBXBuildFile; fileRef = 9C80D8D82863920000CB2005 /* imgui_impl_glfw.cpp */; };
		9C80D8DF2863920100CB2005 /* imgui_impl_opengl3.cpp in Sources */ = {isa = PBXBuildFile; fileRef = 9C80D8D92863920100CB2005 /* imgui_impl_opengl3.cpp */; };
		9C80D8E02863920100CB2005 /* imgui_draw.cpp in Sources */ = {isa = PBXBuildFile; fileRef = 9C80D8DA2863920100CB2005 /* imgui_draw.cpp */; };
		9C80D8E12863920100CB2005 /* imgui_tables.cpp in Sources */ = {isa = PBXBuildFile; fileRef = 9C80D8DB2863920100CB2005 /* imgui_tables.cpp */; };
		9C80D8E22863B9E600CB2005 /* imgui_draw.cpp in Sources */ = {isa = PBXBuildFile; fileRef = 9C80D8DA2863920100CB2005 /* imgui_draw.cpp */; };
		9C80D8E32863B9E600CB2005 /* imgui_impl_glfw.cpp in Sources */ = {isa = PBXBuildFile; fileRef = 9C80D8D82863920000CB2005 /* imgui_impl_glfw.cpp */; };
		9C80D8E42863B9E600CB2005 /* imgui_impl_opengl3.cpp in Sources */ = {isa = PBXBuildFile; fileRef = 9C80D8D92863920100CB2005 /* imgui_impl_opengl3.cpp */; };
		9C80D8E52863B9E600CB2005 /* imgui_tables.cpp in Sources */ = {isa = PBXBuildFile; fileRef = 9C80D8DB2863920100CB2005 /* imgui_tables.cpp */; };
		9C80D8E62863B9E700CB2005 /* imgui_widgets.cpp in Sources */ = {isa = PBXBuildFile; fileRef = 9C80D8D62863920000CB2005 /* imgui_widgets.cpp */; };
		9C80D8E72863B9E700CB2005 /* imgui.cpp in Sources */ = {isa = PBXBuildFile; fileRef = 9C80D8D72863920000CB2005 /* imgui.cpp */; };
		9C80D8E82863B9E700CB2005 /* imgui_demo.cpp in Sources */ = {isa = PBXBuildFile; fileRef = 9C80D8D4286390CC00CB2005 /* imgui_demo.cpp */; };
		9C80D8EB2863B9E700CB2005 /* imgui_impl_opengl2.cpp in Sources */ = {isa = PBXBuildFile; fileRef = 9C80D8CE286390BC00CB2005 /* imgui_impl_opengl2.cpp */; };
		9C9B947E2856221B00543276 /* Shader.cpp in Sources */ = {isa = PBXBuildFile; fileRef = 9C9B947C2856221B00543276 /* Shader.cpp */; };
		9CA2E0F0284E9DAD00C6F260 /* libglfw3.a in Frameworks */ = {isa = PBXBuildFile; fileRef = 9CA2E0EF284E9DAD00C6F260 /* libglfw3.a */; };
		9CA2E0FE284EA0FE00C6F260 /* OpenGL.framework in Frameworks */ = {isa = PBXBuildFile; fileRef = 9CA2E0FD284EA0FE00C6F260 /* OpenGL.framework */; };
		9CA2E100284EA26D00C6F260 /* Cocoa.framework in Frameworks */ = {isa = PBXBuildFile; fileRef = 9CA2E0FF284EA26D00C6F260 /* Cocoa.framework */; };
		9CA2E101284EA2A000C6F260 /* IOKit.framework in Frameworks */ = {isa = PBXBuildFile; fileRef = 9CA2E0F9284EA04C00C6F260 /* IOKit.framework */; };
		9CA2E103284EA2B400C6F260 /* CoreVideo.framework in Frameworks */ = {isa = PBXBuildFile; fileRef = 9CA2E102284EA2B400C6F260 /* CoreVideo.framework */; };
		9CA2E110284F2E2700C6F260 /* GLKit.framework in Frameworks */ = {isa = PBXBuildFile; fileRef = 9CA2E10F284F2E2700C6F260 /* GLKit.framework */; };
		9CA2E133284FAB8A00C6F260 /* glad.c in Sources */ = {isa = PBXBuildFile; fileRef = 9CA2E132284FAB8A00C6F260 /* glad.c */; };
		9CB2BA6D28533BCE0062C30D /* main.cpp in Sources */ = {isa = PBXBuildFile; fileRef = 9CB2BA6C28533BCE0062C30D /* main.cpp */; };
		9CB2BA7128533BD50062C30D /* glad.c in Sources */ = {isa = PBXBuildFile; fileRef = 9CA2E132284FAB8A00C6F260 /* glad.c */; };
		9CB2BA7228533C660062C30D /* GLKit.framework in Frameworks */ = {isa = PBXBuildFile; fileRef = 9CA2E10F284F2E2700C6F260 /* GLKit.framework */; };
		9CB2BA7328533C6A0062C30D /* OpenGL.framework in Frameworks */ = {isa = PBXBuildFile; fileRef = 9CA2E0FD284EA0FE00C6F260 /* OpenGL.framework */; };
		9CB2BA7428533C6F0062C30D /* CoreVideo.framework in Frameworks */ = {isa = PBXBuildFile; fileRef = 9CA2E102284EA2B400C6F260 /* CoreVideo.framework */; };
		9CB2BA7528533C730062C30D /* libglfw3.a in Frameworks */ = {isa = PBXBuildFile; fileRef = 9CA2E0EF284E9DAD00C6F260 /* libglfw3.a */; };
		9CB2BA7628533C7F0062C30D /* Cocoa.framework in Frameworks */ = {isa = PBXBuildFile; fileRef = 9CA2E0FF284EA26D00C6F260 /* Cocoa.framework */; };
		9CB2BA7C28533CE20062C30D /* IOKit.framework in Frameworks */ = {isa = PBXBuildFile; fileRef = 9CA2E0F9284EA04C00C6F260 /* IOKit.framework */; };
		9CBC22BE285720B500EB5B01 /* stb_image.cpp in Sources */ = {isa = PBXBuildFile; fileRef = 9CBC22BD285720B500EB5B01 /* stb_image.cpp */; };
		9CBC22C12857221D00EB5B01 /* Texture.cpp in Sources */ = {isa = PBXBuildFile; fileRef = 9CBC22BF2857221D00EB5B01 /* Texture.cpp */; };
		9CC09C3C2851CCC000AB323B /* GLKit.framework in Frameworks */ = {isa = PBXBuildFile; fileRef = 9CA2E10F284F2E2700C6F260 /* GLKit.framework */; };
		9CE38ACC28510C2B00968F9D /* OpenGL.framework in Frameworks */ = {isa = PBXBuildFile; fileRef = 9CA2E0FD284EA0FE00C6F260 /* OpenGL.framework */; };
		9CE38ACD28510C3400968F9D /* Cocoa.framework in Frameworks */ = {isa = PBXBuildFile; fileRef = 9CA2E0FF284EA26D00C6F260 /* Cocoa.framework */; };
		9CE38ACE28510C3D00968F9D /* IOKit.framework in Frameworks */ = {isa = PBXBuildFile; fileRef = 9CA2E0F9284EA04C00C6F260 /* IOKit.framework */; };
		9CE38ACF28510C4400968F9D /* CoreVideo.framework in Frameworks */ = {isa = PBXBuildFile; fileRef = 9CA2E102284EA2B400C6F260 /* CoreVideo.framework */; };
		9CE38AD028510C5100968F9D /* glad.c in Sources */ = {isa = PBXBuildFile; fileRef = 9CA2E132284FAB8A00C6F260 /* glad.c */; };
		9CE38AD72851224E00968F9D /* libglfw3.a in Frameworks */ = {isa = PBXBuildFile; fileRef = 9CA2E0EF284E9DAD00C6F260 /* libglfw3.a */; };
/* End PBXBuildFile section */

/* Begin PBXCopyFilesBuildPhase section */
		9C501A95284BC35000C03F0F /* CopyFiles */ = {
			isa = PBXCopyFilesBuildPhase;
			buildActionMask = 2147483647;
			dstPath = /usr/share/man/man1/;
			dstSubfolderSpec = 0;
			files = (
			);
			runOnlyForDeploymentPostprocessing = 1;
		};
		9C80D86F28638E1100CB2005 /* CopyFiles */ = {
			isa = PBXCopyFilesBuildPhase;
			buildActionMask = 2147483647;
			dstPath = /usr/share/man/man1/;
			dstSubfolderSpec = 0;
			files = (
			);
			runOnlyForDeploymentPostprocessing = 1;
		};
		9CB2BA6828533BCE0062C30D /* CopyFiles */ = {
			isa = PBXCopyFilesBuildPhase;
			buildActionMask = 2147483647;
			dstPath = /usr/share/man/man1/;
			dstSubfolderSpec = 0;
			files = (
			);
			runOnlyForDeploymentPostprocessing = 1;
		};
		9CE38AC328510C0C00968F9D /* CopyFiles */ = {
			isa = PBXCopyFilesBuildPhase;
			buildActionMask = 2147483647;
			dstPath = /usr/share/man/man1/;
			dstSubfolderSpec = 0;
			files = (
			);
			runOnlyForDeploymentPostprocessing = 1;
		};
/* End PBXCopyFilesBuildPhase section */

/* Begin PBXFileReference section */
		9C23A362285CB1580092494A /* imgui */ = {isa = PBXFileReference; lastKnownFileType = folder; path = imgui; sourceTree = "<group>"; };
		9C23E3872853926600815CCA /* Renderer.h */ = {isa = PBXFileReference; lastKnownFileType = sourcecode.c.h; path = Renderer.h; sourceTree = "<group>"; };
		9C23E3882853927E00815CCA /* Renderer.cpp */ = {isa = PBXFileReference; lastKnownFileType = sourcecode.cpp.cpp; path = Renderer.cpp; sourceTree = "<group>"; };
		9C23E38B2853950200815CCA /* VertexBuffer.h */ = {isa = PBXFileReference; lastKnownFileType = sourcecode.c.h; path = VertexBuffer.h; sourceTree = "<group>"; };
		9C23E38C2853952800815CCA /* VertexBuffer.cpp */ = {isa = PBXFileReference; lastKnownFileType = sourcecode.cpp.cpp; path = VertexBuffer.cpp; sourceTree = "<group>"; };
		9C23E38F2853986900815CCA /* IndexBuffer.cpp */ = {isa = PBXFileReference; lastKnownFileType = sourcecode.cpp.cpp; path = IndexBuffer.cpp; sourceTree = "<group>"; };
		9C23E3902853986900815CCA /* IndexBuffer.hpp */ = {isa = PBXFileReference; lastKnownFileType = sourcecode.cpp.h; path = IndexBuffer.hpp; sourceTree = "<group>"; };
		9C23E3922853A5DE00815CCA /* VertexArray.cpp */ = {isa = PBXFileReference; lastKnownFileType = sourcecode.cpp.cpp; path = VertexArray.cpp; sourceTree = "<group>"; };
		9C23E3932853A5DE00815CCA /* VertexArray.hpp */ = {isa = PBXFileReference; lastKnownFileType = sourcecode.cpp.h; path = VertexArray.hpp; sourceTree = "<group>"; };
		9C23E3952853A6C600815CCA /* VertexBufferLayout.cpp */ = {isa = PBXFileReference; lastKnownFileType = sourcecode.cpp.cpp; path = VertexBufferLayout.cpp; sourceTree = "<group>"; };
		9C23E3962853A6C600815CCA /* VertexBufferLayout.hpp */ = {isa = PBXFileReference; lastKnownFileType = sourcecode.cpp.h; path = VertexBufferLayout.hpp; sourceTree = "<group>"; };
		9C501A97284BC35000C03F0F /* 1-Triangle */ = {isa = PBXFileReference; explicitFileType = "compiled.mach-o.executable"; includeInIndex = 0; path = "1-Triangle"; sourceTree = BUILT_PRODUCTS_DIR; };
		9C501A9A284BC35000C03F0F /* main.cpp */ = {isa = PBXFileReference; lastKnownFileType = sourcecode.cpp.cpp; path = main.cpp; sourceTree = "<group>"; };
		9C80D87128638E1100CB2005 /* 4-Batching */ = {isa = PBXFileReference; explicitFileType = "compiled.mach-o.executable"; includeInIndex = 0; path = "4-Batching"; sourceTree = BUILT_PRODUCTS_DIR; };
		9C80D87828638E5E00CB2005 /* Shader.hpp */ = {isa = PBXFileReference; fileEncoding = 4; lastKnownFileType = sourcecode.cpp.h; path = Shader.hpp; sourceTree = "<group>"; };
		9C80D87928638E5E00CB2005 /* VertexBufferLayout.cpp */ = {isa = PBXFileReference; fileEncoding = 4; lastKnownFileType = sourcecode.cpp.cpp; path = VertexBufferLayout.cpp; sourceTree = "<group>"; };
		9C80D87A28638E5E00CB2005 /* IndexBuffer.cpp */ = {isa = PBXFileReference; fileEncoding = 4; lastKnownFileType = sourcecode.cpp.cpp; path = IndexBuffer.cpp; sourceTree = "<group>"; };
		9C80D87B28638E5E00CB2005 /* Renderer.cpp */ = {isa = PBXFileReference; fileEncoding = 4; lastKnownFileType = sourcecode.cpp.cpp; path = Renderer.cpp; sourceTree = "<group>"; };
		9C80D87C28638E5E00CB2005 /* Texture.cpp */ = {isa = PBXFileReference; fileEncoding = 4; lastKnownFileType = sourcecode.cpp.cpp; path = Texture.cpp; sourceTree = "<group>"; };
		9C80D87D28638E5E00CB2005 /* Renderer.h */ = {isa = PBXFileReference; fileEncoding = 4; lastKnownFileType = sourcecode.c.h; path = Renderer.h; sourceTree = "<group>"; };
		9C80D87E28638E5E00CB2005 /* main.cpp */ = {isa = PBXFileReference; fileEncoding = 4; lastKnownFileType = sourcecode.cpp.cpp; path = main.cpp; sourceTree = "<group>"; };
		9C80D87F28638E5E00CB2005 /* VertexBuffer.h */ = {isa = PBXFileReference; fileEncoding = 4; lastKnownFileType = sourcecode.c.h; path = VertexBuffer.h; sourceTree = "<group>"; };
		9C80D88028638E5E00CB2005 /* VertexBufferLayout.hpp */ = {isa = PBXFileReference; fileEncoding = 4; lastKnownFileType = sourcecode.cpp.h; path = VertexBufferLayout.hpp; sourceTree = "<group>"; };
		9C80D88128638E5E00CB2005 /* Texture.hpp */ = {isa = PBXFileReference; fileEncoding = 4; lastKnownFileType = sourcecode.cpp.h; path = Texture.hpp; sourceTree = "<group>"; };
		9C80D88228638E5E00CB2005 /* IndexBuffer.hpp */ = {isa = PBXFileReference; fileEncoding = 4; lastKnownFileType = sourcecode.cpp.h; path = IndexBuffer.hpp; sourceTree = "<group>"; };
		9C80D88328638E5F00CB2005 /* res */ = {isa = PBXFileReference; lastKnownFileType = folder; path = res; sourceTree = "<group>"; };
		9C80D88428638E5F00CB2005 /* Shader.cpp */ = {isa = PBXFileReference; fileEncoding = 4; lastKnownFileType = sourcecode.cpp.cpp; path = Shader.cpp; sourceTree = "<group>"; };
		9C80D88528638E5F00CB2005 /* VertexArray.cpp */ = {isa = PBXFileReference; fileEncoding = 4; lastKnownFileType = sourcecode.cpp.cpp; path = VertexArray.cpp; sourceTree = "<group>"; };
		9C80D88628638E5F00CB2005 /* vendor */ = {isa = PBXFileReference; lastKnownFileType = folder; path = vendor; sourceTree = "<group>"; };
		9C80D88728638E5F00CB2005 /* Shaders */ = {isa = PBXFileReference; lastKnownFileType = folder; path = Shaders; sourceTree = "<group>"; };
		9C80D88828638E5F00CB2005 /* VertexBuffer.cpp */ = {isa = PBXFileReference; fileEncoding = 4; lastKnownFileType = sourcecode.cpp.cpp; path = VertexBuffer.cpp; sourceTree = "<group>"; };
		9C80D88928638E5F00CB2005 /* imgui.ini */ = {isa = PBXFileReference; fileEncoding = 4; lastKnownFileType = text; path = imgui.ini; sourceTree = "<group>"; };
		9C80D88A28638E5F00CB2005 /* VertexArray.hpp */ = {isa = PBXFileReference; fileEncoding = 4; lastKnownFileType = sourcecode.cpp.h; path = VertexArray.hpp; sourceTree = "<group>"; };
		9C80D8C02863907100CB2005 /* imgui */ = {isa = PBXFileReference; lastKnownFileType = folder; path = imgui; sourceTree = "<group>"; };
		9C80D8C12863907D00CB2005 /* stb_image.cpp */ = {isa = PBXFileReference; lastKnownFileType = sourcecode.cpp.cpp; path = stb_image.cpp; sourceTree = "<group>"; };
		9C80D8C22863907D00CB2005 /* stb_image.h */ = {isa = PBXFileReference; lastKnownFileType = sourcecode.c.h; path = stb_image.h; sourceTree = "<group>"; };
		9C80D8C62863909900CB2005 /* imgui.cpp */ = {isa = PBXFileReference; lastKnownFileType = sourcecode.cpp.cpp; name = imgui.cpp; path = Dependencies/imgui/imgui.cpp; sourceTree = "<group>"; };
		9C80D8C8286390A700CB2005 /* imgui_widgets.cpp */ = {isa = PBXFileReference; lastKnownFileType = sourcecode.cpp.cpp; name = imgui_widgets.cpp; path = Dependencies/imgui/imgui_widgets.cpp; sourceTree = "<group>"; };
		9C80D8CA286390AC00CB2005 /* imgui_tables.cpp */ = {isa = PBXFileReference; lastKnownFileType = sourcecode.cpp.cpp; name = imgui_tables.cpp; path = Dependencies/imgui/imgui_tables.cpp; sourceTree = "<group>"; };
		9C80D8CC286390B900CB2005 /* imgui_impl_opengl3.cpp */ = {isa = PBXFileReference; lastKnownFileType = sourcecode.cpp.cpp; name = imgui_impl_opengl3.cpp; path = Dependencies/imgui/imgui_impl_opengl3.cpp; sourceTree = "<group>"; };
		9C80D8CE286390BC00CB2005 /* imgui_impl_opengl2.cpp */ = {isa = PBXFileReference; lastKnownFileType = sourcecode.cpp.cpp; path = imgui_impl_opengl2.cpp; sourceTree = "<group>"; };
		9C80D8D0286390C200CB2005 /* imgui_impl_glfw.cpp */ = {isa = PBXFileReference; lastKnownFileType = sourcecode.cpp.cpp; name = imgui_impl_glfw.cpp; path = Dependencies/imgui/imgui_impl_glfw.cpp; sourceTree = "<group>"; };
		9C80D8D2286390C500CB2005 /* imgui_draw.cpp */ = {isa = PBXFileReference; lastKnownFileType = sourcecode.cpp.cpp; name = imgui_draw.cpp; path = Dependencies/imgui/imgui_draw.cpp; sourceTree = "<group>"; };
		9C80D8D4286390CC00CB2005 /* imgui_demo.cpp */ = {isa = PBXFileReference; lastKnownFileType = sourcecode.cpp.cpp; path = imgui_demo.cpp; sourceTree = "<group>"; };
		9C80D8D62863920000CB2005 /* imgui_widgets.cpp */ = {isa = PBXFileReference; lastKnownFileType = sourcecode.cpp.cpp; name = imgui_widgets.cpp; path = "4-Batching/vendor/imgui/imgui_widgets.cpp"; sourceTree = "<group>"; };
		9C80D8D72863920000CB2005 /* imgui.cpp */ = {isa = PBXFileReference; lastKnownFileType = sourcecode.cpp.cpp; name = imgui.cpp; path = "4-Batching/vendor/imgui/imgui.cpp"; sourceTree = "<group>"; };
		9C80D8D82863920000CB2005 /* imgui_impl_glfw.cpp */ = {isa = PBXFileReference; lastKnownFileType = sourcecode.cpp.cpp; name = imgui_impl_glfw.cpp; path = "4-Batching/vendor/imgui/imgui_impl_glfw.cpp"; sourceTree = "<group>"; };
		9C80D8D92863920100CB2005 /* imgui_impl_opengl3.cpp */ = {isa = PBXFileReference; lastKnownFileType = sourcecode.cpp.cpp; name = imgui_impl_opengl3.cpp; path = "4-Batching/vendor/imgui/imgui_impl_opengl3.cpp"; sourceTree = "<group>"; };
		9C80D8DA2863920100CB2005 /* imgui_draw.cpp */ = {isa = PBXFileReference; lastKnownFileType = sourcecode.cpp.cpp; name = imgui_draw.cpp; path = "4-Batching/vendor/imgui/imgui_draw.cpp"; sourceTree = "<group>"; };
		9C80D8DB2863920100CB2005 /* imgui_tables.cpp */ = {isa = PBXFileReference; lastKnownFileType = sourcecode.cpp.cpp; name = imgui_tables.cpp; path = "4-Batching/vendor/imgui/imgui_tables.cpp"; sourceTree = "<group>"; };
		9C9B947C2856221B00543276 /* Shader.cpp */ = {isa = PBXFileReference; lastKnownFileType = sourcecode.cpp.cpp; path = Shader.cpp; sourceTree = "<group>"; };
		9C9B947D2856221B00543276 /* Shader.hpp */ = {isa = PBXFileReference; lastKnownFileType = sourcecode.cpp.h; path = Shader.hpp; sourceTree = "<group>"; };
		9CA0EF8C2858F16C0020C5E0 /* glm */ = {isa = PBXFileReference; lastKnownFileType = folder; path = glm; sourceTree = "<group>"; };
		9CA2E0EF284E9DAD00C6F260 /* libglfw3.a */ = {isa = PBXFileReference; lastKnownFileType = archive.ar; path = libglfw3.a; sourceTree = "<group>"; };
		9CA2E0F1284E9DFF00C6F260 /* GLFW */ = {isa = PBXFileReference; lastKnownFileType = folder; path = GLFW; sourceTree = "<group>"; };
		9CA2E0F3284EA03100C6F260 /* CoreGraphics.framework */ = {isa = PBXFileReference; lastKnownFileType = wrapper.framework; name = CoreGraphics.framework; path = System/Library/Frameworks/CoreGraphics.framework; sourceTree = SDKROOT; };
		9CA2E0F5284EA03A00C6F260 /* CoreFoundation.framework */ = {isa = PBXFileReference; lastKnownFileType = wrapper.framework; name = CoreFoundation.framework; path = System/Library/Frameworks/CoreFoundation.framework; sourceTree = SDKROOT; };
		9CA2E0F7284EA04300C6F260 /* Foundation.framework */ = {isa = PBXFileReference; lastKnownFileType = wrapper.framework; name = Foundation.framework; path = System/Library/Frameworks/Foundation.framework; sourceTree = SDKROOT; };
		9CA2E0F9284EA04C00C6F260 /* IOKit.framework */ = {isa = PBXFileReference; lastKnownFileType = wrapper.framework; name = IOKit.framework; path = System/Library/Frameworks/IOKit.framework; sourceTree = SDKROOT; };
		9CA2E0FB284EA05400C6F260 /* AppKit.framework */ = {isa = PBXFileReference; lastKnownFileType = wrapper.framework; name = AppKit.framework; path = System/Library/Frameworks/AppKit.framework; sourceTree = SDKROOT; };
		9CA2E0FD284EA0FE00C6F260 /* OpenGL.framework */ = {isa = PBXFileReference; lastKnownFileType = wrapper.framework; name = OpenGL.framework; path = System/Library/Frameworks/OpenGL.framework; sourceTree = SDKROOT; };
		9CA2E0FF284EA26D00C6F260 /* Cocoa.framework */ = {isa = PBXFileReference; lastKnownFileType = wrapper.framework; name = Cocoa.framework; path = System/Library/Frameworks/Cocoa.framework; sourceTree = SDKROOT; };
		9CA2E102284EA2B400C6F260 /* CoreVideo.framework */ = {isa = PBXFileReference; lastKnownFileType = wrapper.framework; name = CoreVideo.framework; path = System/Library/Frameworks/CoreVideo.framework; sourceTree = SDKROOT; };
		9CA2E10D284F2DE400C6F260 /* GLUT.framework */ = {isa = PBXFileReference; lastKnownFileType = wrapper.framework; name = GLUT.framework; path = System/Library/Frameworks/GLUT.framework; sourceTree = SDKROOT; };
		9CA2E10F284F2E2700C6F260 /* GLKit.framework */ = {isa = PBXFileReference; lastKnownFileType = wrapper.framework; name = GLKit.framework; path = System/Library/Frameworks/GLKit.framework; sourceTree = SDKROOT; };
		9CA2E111284F30E900C6F260 /* lessons.h */ = {isa = PBXFileReference; lastKnownFileType = sourcecode.c.h; path = lessons.h; sourceTree = "<group>"; };
		9CA2E126284F860500C6F260 /* libGLEW.a */ = {isa = PBXFileReference; lastKnownFileType = archive.ar; name = libGLEW.a; path = ../../../../../../../../../usr/local/lib/libGLEW.a; sourceTree = "<group>"; };
		9CA2E128284F8A1C00C6F260 /* libGLEW.2.1.0.dylib */ = {isa = PBXFileReference; lastKnownFileType = "compiled.mach-o.dylib"; name = libGLEW.2.1.0.dylib; path = ../../../../../../../../../usr/local/lib/libGLEW.2.1.0.dylib; sourceTree = "<group>"; };
		9CA2E130284FAB7400C6F260 /* KHR */ = {isa = PBXFileReference; lastKnownFileType = folder; path = KHR; sourceTree = "<group>"; };
		9CA2E131284FAB7400C6F260 /* glad */ = {isa = PBXFileReference; lastKnownFileType = folder; path = glad; sourceTree = "<group>"; };
		9CA2E132284FAB8A00C6F260 /* glad.c */ = {isa = PBXFileReference; fileEncoding = 4; lastKnownFileType = sourcecode.c.c; path = glad.c; sourceTree = "<group>"; };
		9CB2BA6A28533BCE0062C30D /* 3-imGui */ = {isa = PBXFileReference; explicitFileType = "compiled.mach-o.executable"; includeInIndex = 0; path = "3-imGui"; sourceTree = BUILT_PRODUCTS_DIR; };
		9CB2BA6C28533BCE0062C30D /* main.cpp */ = {isa = PBXFileReference; lastKnownFileType = sourcecode.cpp.cpp; path = main.cpp; sourceTree = "<group>"; };
		9CB2BA7828533CB00062C30D /* Shaders */ = {isa = PBXFileReference; lastKnownFileType = folder; path = Shaders; sourceTree = "<group>"; };
		9CBC22BA28571FA800EB5B01 /* gopher.png */ = {isa = PBXFileReference; lastKnownFileType = image.png; path = gopher.png; sourceTree = "<group>"; };
		9CBC22BC2857201000EB5B01 /* stb_image.h */ = {isa = PBXFileReference; lastKnownFileType = sourcecode.c.h; path = stb_image.h; sourceTree = "<group>"; };
		9CBC22BD285720B500EB5B01 /* stb_image.cpp */ = {isa = PBXFileReference; lastKnownFileType = sourcecode.cpp.cpp; path = stb_image.cpp; sourceTree = "<group>"; };
		9CBC22BF2857221D00EB5B01 /* Texture.cpp */ = {isa = PBXFileReference; lastKnownFileType = sourcecode.cpp.cpp; path = Texture.cpp; sourceTree = "<group>"; };
		9CBC22C02857221D00EB5B01 /* Texture.hpp */ = {isa = PBXFileReference; lastKnownFileType = sourcecode.cpp.h; path = Texture.hpp; sourceTree = "<group>"; };
		9CC09C392851CCA300AB323B /* main.cpp */ = {isa = PBXFileReference; lastKnownFileType = sourcecode.cpp.cpp; name = main.cpp; path = "2-Square/main.cpp"; sourceTree = SOURCE_ROOT; };
		9CC09C3D2851CDEC00AB323B /* Errors.h */ = {isa = PBXFileReference; lastKnownFileType = sourcecode.c.h; name = Errors.h; path = "2-Square/Errors.h"; sourceTree = SOURCE_ROOT; };
		9CE38AC528510C0C00968F9D /* 2-Square */ = {isa = PBXFileReference; explicitFileType = "compiled.mach-o.executable"; includeInIndex = 0; path = "2-Square"; sourceTree = BUILT_PRODUCTS_DIR; };
		9CE38AD22851100A00968F9D /* Basic.shader */ = {isa = PBXFileReference; explicitFileType = sourcecode.glsl; path = Basic.shader; sourceTree = "<group>"; };
		9CE38AD42851115E00968F9D /* Shaders.h */ = {isa = PBXFileReference; lastKnownFileType = sourcecode.c.h; path = Shaders.h; sourceTree = "<group>"; };
/* End PBXFileReference section */

/* Begin PBXFrameworksBuildPhase section */
		9C501A94284BC35000C03F0F /* Frameworks */ = {
			isa = PBXFrameworksBuildPhase;
			buildActionMask = 2147483647;
			files = (
				9CA2E0F0284E9DAD00C6F260 /* libglfw3.a in Frameworks */,
				9CA2E110284F2E2700C6F260 /* GLKit.framework in Frameworks */,
				9CA2E103284EA2B400C6F260 /* CoreVideo.framework in Frameworks */,
				9CA2E101284EA2A000C6F260 /* IOKit.framework in Frameworks */,
				9CA2E100284EA26D00C6F260 /* Cocoa.framework in Frameworks */,
				9CA2E0FE284EA0FE00C6F260 /* OpenGL.framework in Frameworks */,
			);
			runOnlyForDeploymentPostprocessing = 0;
		};
		9C80D86E28638E1100CB2005 /* Frameworks */ = {
			isa = PBXFrameworksBuildPhase;
			buildActionMask = 2147483647;
			files = (
				9C80D89328638EFF00CB2005 /* libglfw3.a in Frameworks */,
				9C80D89428638F0800CB2005 /* IOKit.framework in Frameworks */,
				9C80D89528638F1200CB2005 /* Cocoa.framework in Frameworks */,
				9C80D89628638F1D00CB2005 /* CoreVideo.framework in Frameworks */,
				9C80D89728638F2700CB2005 /* OpenGL.framework in Frameworks */,
				9C80D89828638F2B00CB2005 /* GLKit.framework in Frameworks */,
			);
			runOnlyForDeploymentPostprocessing = 0;
		};
		9CB2BA6728533BCE0062C30D /* Frameworks */ = {
			isa = PBXFrameworksBuildPhase;
			buildActionMask = 2147483647;
			files = (
				9CB2BA7528533C730062C30D /* libglfw3.a in Frameworks */,
				9CB2BA7C28533CE20062C30D /* IOKit.framework in Frameworks */,
				9CB2BA7628533C7F0062C30D /* Cocoa.framework in Frameworks */,
				9CB2BA7428533C6F0062C30D /* CoreVideo.framework in Frameworks */,
				9CB2BA7328533C6A0062C30D /* OpenGL.framework in Frameworks */,
				9CB2BA7228533C660062C30D /* GLKit.framework in Frameworks */,
			);
			runOnlyForDeploymentPostprocessing = 0;
		};
		9CE38AC228510C0C00968F9D /* Frameworks */ = {
			isa = PBXFrameworksBuildPhase;
			buildActionMask = 2147483647;
			files = (
				9CE38AD72851224E00968F9D /* libglfw3.a in Frameworks */,
				9CC09C3C2851CCC000AB323B /* GLKit.framework in Frameworks */,
				9CE38ACF28510C4400968F9D /* CoreVideo.framework in Frameworks */,
				9CE38ACE28510C3D00968F9D /* IOKit.framework in Frameworks */,
				9CE38ACD28510C3400968F9D /* Cocoa.framework in Frameworks */,
				9CE38ACC28510C2B00968F9D /* OpenGL.framework in Frameworks */,
			);
			runOnlyForDeploymentPostprocessing = 0;
		};
/* End PBXFrameworksBuildPhase section */

/* Begin PBXGroup section */
		9C501A8E284BC35000C03F0F = {
			isa = PBXGroup;
			children = (
				9C80D8DA2863920100CB2005 /* imgui_draw.cpp */,
				9C80D8D82863920000CB2005 /* imgui_impl_glfw.cpp */,
				9C80D8D92863920100CB2005 /* imgui_impl_opengl3.cpp */,
				9C80D8DB2863920100CB2005 /* imgui_tables.cpp */,
				9C80D8D62863920000CB2005 /* imgui_widgets.cpp */,
				9C80D8D72863920000CB2005 /* imgui.cpp */,
				9C80D8D4286390CC00CB2005 /* imgui_demo.cpp */,
				9C80D8D2286390C500CB2005 /* imgui_draw.cpp */,
				9C80D8D0286390C200CB2005 /* imgui_impl_glfw.cpp */,
				9C80D8CE286390BC00CB2005 /* imgui_impl_opengl2.cpp */,
				9C80D8CC286390B900CB2005 /* imgui_impl_opengl3.cpp */,
				9C80D8CA286390AC00CB2005 /* imgui_tables.cpp */,
				9C80D8C8286390A700CB2005 /* imgui_widgets.cpp */,
				9C80D8C62863909900CB2005 /* imgui.cpp */,
				9CA2E0EC284E9CA700C6F260 /* Dependencies */,
				9C501A99284BC35000C03F0F /* 1-Triangle */,
				9CE38AC628510C0C00968F9D /* 2-Square */,
				9CB2BA6B28533BCE0062C30D /* 3-Class */,
				9C80D87228638E1100CB2005 /* 4-Batching */,
				9C501A98284BC35000C03F0F /* Products */,
				9CA2E0F2284EA03100C6F260 /* Frameworks */,
			);
			sourceTree = "<group>";
		};
		9C501A98284BC35000C03F0F /* Products */ = {
			isa = PBXGroup;
			children = (
				9C501A97284BC35000C03F0F /* 1-Triangle */,
				9CE38AC528510C0C00968F9D /* 2-Square */,
				9CB2BA6A28533BCE0062C30D /* 3-imGui */,
				9C80D87128638E1100CB2005 /* 4-Batching */,
			);
			name = Products;
			sourceTree = "<group>";
		};
		9C501A99284BC35000C03F0F /* 1-Triangle */ = {
			isa = PBXGroup;
			children = (
				9C501A9A284BC35000C03F0F /* main.cpp */,
				9CA2E111284F30E900C6F260 /* lessons.h */,
			);
			path = "1-Triangle";
			sourceTree = "<group>";
		};
		9C80D87228638E1100CB2005 /* 4-Batching */ = {
			isa = PBXGroup;
			children = (
				9C80D88928638E5F00CB2005 /* imgui.ini */,
				9C80D87A28638E5E00CB2005 /* IndexBuffer.cpp */,
				9C80D88228638E5E00CB2005 /* IndexBuffer.hpp */,
				9C80D87E28638E5E00CB2005 /* main.cpp */,
				9C80D87B28638E5E00CB2005 /* Renderer.cpp */,
				9C80D87D28638E5E00CB2005 /* Renderer.h */,
				9C80D88328638E5F00CB2005 /* res */,
				9C80D88428638E5F00CB2005 /* Shader.cpp */,
				9C80D87828638E5E00CB2005 /* Shader.hpp */,
				9C80D88728638E5F00CB2005 /* Shaders */,
				9C80D87C28638E5E00CB2005 /* Texture.cpp */,
				9C80D88128638E5E00CB2005 /* Texture.hpp */,
				9C80D88628638E5F00CB2005 /* vendor */,
				9C80D88528638E5F00CB2005 /* VertexArray.cpp */,
				9C80D88A28638E5F00CB2005 /* VertexArray.hpp */,
				9C80D88828638E5F00CB2005 /* VertexBuffer.cpp */,
				9C80D87F28638E5E00CB2005 /* VertexBuffer.h */,
				9C80D87928638E5E00CB2005 /* VertexBufferLayout.cpp */,
				9C80D88028638E5E00CB2005 /* VertexBufferLayout.hpp */,
			);
			path = "4-Batching";
			sourceTree = "<group>";
		};
		9CA2E0EC284E9CA700C6F260 /* Dependencies */ = {
			isa = PBXGroup;
			children = (
				9C80D8C12863907D00CB2005 /* stb_image.cpp */,
				9C80D8C22863907D00CB2005 /* stb_image.h */,
				9C80D8C02863907100CB2005 /* imgui */,
				9CA2E132284FAB8A00C6F260 /* glad.c */,
				9CA2E0EE284E9CBA00C6F260 /* Include */,
				9CA2E0ED284E9CB300C6F260 /* Libraries */,
			);
			path = Dependencies;
			sourceTree = "<group>";
		};
		9CA2E0ED284E9CB300C6F260 /* Libraries */ = {
			isa = PBXGroup;
			children = (
				9CA2E0EF284E9DAD00C6F260 /* libglfw3.a */,
			);
			path = Libraries;
			sourceTree = "<group>";
		};
		9CA2E0EE284E9CBA00C6F260 /* Include */ = {
			isa = PBXGroup;
			children = (
				9CA2E131284FAB7400C6F260 /* glad */,
				9CA2E130284FAB7400C6F260 /* KHR */,
				9CA2E0F1284E9DFF00C6F260 /* GLFW */,
			);
			path = Include;
			sourceTree = "<group>";
		};
		9CA2E0F2284EA03100C6F260 /* Frameworks */ = {
			isa = PBXGroup;
			children = (
				9CA2E128284F8A1C00C6F260 /* libGLEW.2.1.0.dylib */,
				9CA2E126284F860500C6F260 /* libGLEW.a */,
				9CA2E10F284F2E2700C6F260 /* GLKit.framework */,
				9CA2E10D284F2DE400C6F260 /* GLUT.framework */,
				9CA2E102284EA2B400C6F260 /* CoreVideo.framework */,
				9CA2E0FF284EA26D00C6F260 /* Cocoa.framework */,
				9CA2E0FD284EA0FE00C6F260 /* OpenGL.framework */,
				9CA2E0FB284EA05400C6F260 /* AppKit.framework */,
				9CA2E0F9284EA04C00C6F260 /* IOKit.framework */,
				9CA2E0F7284EA04300C6F260 /* Foundation.framework */,
				9CA2E0F5284EA03A00C6F260 /* CoreFoundation.framework */,
				9CA2E0F3284EA03100C6F260 /* CoreGraphics.framework */,
			);
			name = Frameworks;
			sourceTree = "<group>";
		};
		9CB2BA6B28533BCE0062C30D /* 3-Class */ = {
			isa = PBXGroup;
			children = (
				9CBC22BB28571FF500EB5B01 /* vendor */,
				9CBC22B828571EC400EB5B01 /* res */,
				9CB2BA7828533CB00062C30D /* Shaders */,
				9CB2BA6C28533BCE0062C30D /* main.cpp */,
				9C23E38B2853950200815CCA /* VertexBuffer.h */,
				9C23E3922853A5DE00815CCA /* VertexArray.cpp */,
				9C23E3932853A5DE00815CCA /* VertexArray.hpp */,
				9C23E3952853A6C600815CCA /* VertexBufferLayout.cpp */,
				9C23E3962853A6C600815CCA /* VertexBufferLayout.hpp */,
				9C23E38C2853952800815CCA /* VertexBuffer.cpp */,
				9C23E38F2853986900815CCA /* IndexBuffer.cpp */,
				9C23E3902853986900815CCA /* IndexBuffer.hpp */,
				9C23E3872853926600815CCA /* Renderer.h */,
				9C23E3882853927E00815CCA /* Renderer.cpp */,
				9C9B947C2856221B00543276 /* Shader.cpp */,
				9C9B947D2856221B00543276 /* Shader.hpp */,
				9CBC22BF2857221D00EB5B01 /* Texture.cpp */,
				9CBC22C02857221D00EB5B01 /* Texture.hpp */,
			);
			path = "3-Class";
			sourceTree = "<group>";
		};
		9CBC22B828571EC400EB5B01 /* res */ = {
			isa = PBXGroup;
			children = (
				9CBC22B928571F7A00EB5B01 /* textures */,
			);
			path = res;
			sourceTree = "<group>";
		};
		9CBC22B928571F7A00EB5B01 /* textures */ = {
			isa = PBXGroup;
			children = (
				9CBC22BA28571FA800EB5B01 /* gopher.png */,
			);
			path = textures;
			sourceTree = "<group>";
		};
		9CBC22BB28571FF500EB5B01 /* vendor */ = {
			isa = PBXGroup;
			children = (
				9C23A362285CB1580092494A /* imgui */,
				9CA0EF8C2858F16C0020C5E0 /* glm */,
				9CBC22BC2857201000EB5B01 /* stb_image.h */,
				9CBC22BD285720B500EB5B01 /* stb_image.cpp */,
			);
			path = vendor;
			sourceTree = "<group>";
		};
		9CE38AC628510C0C00968F9D /* 2-Square */ = {
			isa = PBXGroup;
			children = (
				9CE38AD128510F4B00968F9D /* Shaders */,
				9CC09C392851CCA300AB323B /* main.cpp */,
				9CC09C3D2851CDEC00AB323B /* Errors.h */,
				9CE38AD42851115E00968F9D /* Shaders.h */,
			);
			name = "2-Square";
			path = "../../../../../../../Mobile Documents/com~apple~CloudDocs/Documents/Xcode/OpenGL/OpenGL/2-Square";
			sourceTree = BUILT_PRODUCTS_DIR;
		};
		9CE38AD128510F4B00968F9D /* Shaders */ = {
			isa = PBXGroup;
			children = (
				9CE38AD22851100A00968F9D /* Basic.shader */,
			);
			path = Shaders;
			sourceTree = "<group>";
		};
/* End PBXGroup section */

/* Begin PBXNativeTarget section */
		9C501A96284BC35000C03F0F /* 1-Triangle */ = {
			isa = PBXNativeTarget;
			buildConfigurationList = 9C501A9E284BC35000C03F0F /* Build configuration list for PBXNativeTarget "1-Triangle" */;
			buildPhases = (
				9C501A93284BC35000C03F0F /* Sources */,
				9C501A94284BC35000C03F0F /* Frameworks */,
				9C501A95284BC35000C03F0F /* CopyFiles */,
			);
			buildRules = (
			);
			dependencies = (
			);
			name = "1-Triangle";
			productName = OpenGL;
			productReference = 9C501A97284BC35000C03F0F /* 1-Triangle */;
			productType = "com.apple.product-type.tool";
		};
		9C80D87028638E1100CB2005 /* 4-Batching */ = {
			isa = PBXNativeTarget;
			buildConfigurationList = 9C80D87528638E1100CB2005 /* Build configuration list for PBXNativeTarget "4-Batching" */;
			buildPhases = (
				9C80D86D28638E1100CB2005 /* Sources */,
				9C80D86E28638E1100CB2005 /* Frameworks */,
				9C80D86F28638E1100CB2005 /* CopyFiles */,
			);
			buildRules = (
			);
			dependencies = (
			);
			name = "4-Batching";
			productName = "4-Batching";
			productReference = 9C80D87128638E1100CB2005 /* 4-Batching */;
			productType = "com.apple.product-type.tool";
		};
		9CB2BA6928533BCE0062C30D /* 3-imGui */ = {
			isa = PBXNativeTarget;
			buildConfigurationList = 9CB2BA7028533BCE0062C30D /* Build configuration list for PBXNativeTarget "3-imGui" */;
			buildPhases = (
				9CB2BA6628533BCE0062C30D /* Sources */,
				9CB2BA6728533BCE0062C30D /* Frameworks */,
				9CB2BA6828533BCE0062C30D /* CopyFiles */,
			);
			buildRules = (
			);
			dependencies = (
			);
			name = "3-imGui";
			productName = "3-More";
			productReference = 9CB2BA6A28533BCE0062C30D /* 3-imGui */;
			productType = "com.apple.product-type.tool";
		};
		9CE38AC428510C0C00968F9D /* 2-Square */ = {
			isa = PBXNativeTarget;
			buildConfigurationList = 9CE38AC928510C0C00968F9D /* Build configuration list for PBXNativeTarget "2-Square" */;
			buildPhases = (
				9CE38AC128510C0C00968F9D /* Sources */,
				9CE38AC228510C0C00968F9D /* Frameworks */,
				9CE38AC328510C0C00968F9D /* CopyFiles */,
			);
			buildRules = (
			);
			dependencies = (
			);
			name = "2-Square";
			productName = "2-Next";
			productReference = 9CE38AC528510C0C00968F9D /* 2-Square */;
			productType = "com.apple.product-type.tool";
		};
/* End PBXNativeTarget section */

/* Begin PBXProject section */
		9C501A8F284BC35000C03F0F /* Project object */ = {
			isa = PBXProject;
			attributes = {
				BuildIndependentTargetsInParallel = 1;
				KnownAssetTags = (
					New,
					"New-1",
				);
				LastUpgradeCheck = 1330;
				TargetAttributes = {
					9C501A96284BC35000C03F0F = {
						CreatedOnToolsVersion = 13.3;
					};
					9C80D87028638E1100CB2005 = {
						CreatedOnToolsVersion = 13.3;
					};
					9CB2BA6928533BCE0062C30D = {
						CreatedOnToolsVersion = 13.3;
					};
					9CE38AC428510C0C00968F9D = {
						CreatedOnToolsVersion = 13.3;
					};
				};
			};
			buildConfigurationList = 9C501A92284BC35000C03F0F /* Build configuration list for PBXProject "OpenGL Tutorial" */;
			compatibilityVersion = "Xcode 13.0";
			developmentRegion = en;
			hasScannedForEncodings = 0;
			knownRegions = (
				en,
				Base,
			);
			mainGroup = 9C501A8E284BC35000C03F0F;
			productRefGroup = 9C501A98284BC35000C03F0F /* Products */;
			projectDirPath = "";
			projectRoot = "";
			targets = (
				9C501A96284BC35000C03F0F /* 1-Triangle */,
				9CE38AC428510C0C00968F9D /* 2-Square */,
				9CB2BA6928533BCE0062C30D /* 3-imGui */,
				9C80D87028638E1100CB2005 /* 4-Batching */,
			);
		};
/* End PBXProject section */

/* Begin PBXSourcesBuildPhase section */
		9C501A93284BC35000C03F0F /* Sources */ = {
			isa = PBXSourcesBuildPhase;
			buildActionMask = 2147483647;
			files = (
				9C501A9B284BC35000C03F0F /* main.cpp in Sources */,
				9CA2E133284FAB8A00C6F260 /* glad.c in Sources */,
			);
			runOnlyForDeploymentPostprocessing = 0;
		};
		9C80D86D28638E1100CB2005 /* Sources */ = {
			isa = PBXSourcesBuildPhase;
			buildActionMask = 2147483647;
			files = (
				9C80D8DC2863920100CB2005 /* imgui_widgets.cpp in Sources */,
				9C80D8DD2863920100CB2005 /* imgui.cpp in Sources */,
				9C80D8DE2863920100CB2005 /* imgui_impl_glfw.cpp in Sources */,
				9C80D8DF2863920100CB2005 /* imgui_impl_opengl3.cpp in Sources */,
				9C80D8E02863920100CB2005 /* imgui_draw.cpp in Sources */,
				9C80D8E12863920100CB2005 /* imgui_tables.cpp in Sources */,
				9C80D8D5286390CC00CB2005 /* imgui_demo.cpp in Sources */,
				9C80D8CF286390BC00CB2005 /* imgui_impl_opengl2.cpp in Sources */,
				9C80D8BF28638FF800CB2005 /* glad.c in Sources */,
				9C80D8C32863908700CB2005 /* stb_image.h in Sources */,
				9C80D8C42863908A00CB2005 /* stb_image.cpp in Sources */,
				9C80D88D28638E5F00CB2005 /* Renderer.cpp in Sources */,
				9C80D89228638E5F00CB2005 /* VertexBuffer.cpp in Sources */,
				9C80D88E28638E5F00CB2005 /* Texture.cpp in Sources */,
				9C80D89128638E5F00CB2005 /* VertexArray.cpp in Sources */,
				9C80D88C28638E5F00CB2005 /* IndexBuffer.cpp in Sources */,
				9C80D88F28638E5F00CB2005 /* main.cpp in Sources */,
				9C80D89028638E5F00CB2005 /* Shader.cpp in Sources */,
				9C80D88B28638E5F00CB2005 /* VertexBufferLayout.cpp in Sources */,
			);
			runOnlyForDeploymentPostprocessing = 0;
		};
		9CB2BA6628533BCE0062C30D /* Sources */ = {
			isa = PBXSourcesBuildPhase;
			buildActionMask = 2147483647;
			files = (
				9C80D8E22863B9E600CB2005 /* imgui_draw.cpp in Sources */,
				9C80D8E32863B9E600CB2005 /* imgui_impl_glfw.cpp in Sources */,
				9C80D8E42863B9E600CB2005 /* imgui_impl_opengl3.cpp in Sources */,
				9C80D8E52863B9E600CB2005 /* imgui_tables.cpp in Sources */,
				9C80D8E62863B9E700CB2005 /* imgui_widgets.cpp in Sources */,
				9C80D8E72863B9E700CB2005 /* imgui.cpp in Sources */,
				9C80D8E82863B9E700CB2005 /* imgui_demo.cpp in Sources */,
				9C80D8EB2863B9E700CB2005 /* imgui_impl_opengl2.cpp in Sources */,
				9CB2BA7128533BD50062C30D /* glad.c in Sources */,
				9CBC22BE285720B500EB5B01 /* stb_image.cpp in Sources */,
				9CB2BA6D28533BCE0062C30D /* main.cpp in Sources */,
				9C23E3942853A5DE00815CCA /* VertexArray.cpp in Sources */,
				9C23E3972853A6C600815CCA /* VertexBufferLayout.cpp in Sources */,
				9C23E38E2853952800815CCA /* VertexBuffer.cpp in Sources */,
				9C23E3912853986900815CCA /* IndexBuffer.cpp in Sources */,
				9C9B947E2856221B00543276 /* Shader.cpp in Sources */,
				9C23E38A2853927E00815CCA /* Renderer.cpp in Sources */,
				9CBC22C12857221D00EB5B01 /* Texture.cpp in Sources */,
			);
			runOnlyForDeploymentPostprocessing = 0;
		};
		9CE38AC128510C0C00968F9D /* Sources */ = {
			isa = PBXSourcesBuildPhase;
			buildActionMask = 2147483647;
			files = (
				9CE38AD028510C5100968F9D /* glad.c in Sources */,
			);
			runOnlyForDeploymentPostprocessing = 0;
		};
/* End PBXSourcesBuildPhase section */

/* Begin XCBuildConfiguration section */
		9C501A9C284BC35000C03F0F /* Debug */ = {
			isa = XCBuildConfiguration;
			buildSettings = {
				ALWAYS_SEARCH_USER_PATHS = NO;
				CLANG_ANALYZER_NONNULL = YES;
				CLANG_ANALYZER_NUMBER_OBJECT_CONVERSION = YES_AGGRESSIVE;
				CLANG_CXX_LANGUAGE_STANDARD = "gnu++17";
				CLANG_ENABLE_MODULES = YES;
				CLANG_ENABLE_OBJC_ARC = YES;
				CLANG_ENABLE_OBJC_WEAK = YES;
				CLANG_WARN_BLOCK_CAPTURE_AUTORELEASING = YES;
				CLANG_WARN_BOOL_CONVERSION = YES;
				CLANG_WARN_COMMA = YES;
				CLANG_WARN_CONSTANT_CONVERSION = YES;
				CLANG_WARN_DEPRECATED_OBJC_IMPLEMENTATIONS = YES;
				CLANG_WARN_DIRECT_OBJC_ISA_USAGE = YES_ERROR;
				CLANG_WARN_DOCUMENTATION_COMMENTS = YES;
				CLANG_WARN_EMPTY_BODY = YES;
				CLANG_WARN_ENUM_CONVERSION = YES;
				CLANG_WARN_INFINITE_RECURSION = YES;
				CLANG_WARN_INT_CONVERSION = YES;
				CLANG_WARN_NON_LITERAL_NULL_CONVERSION = YES;
				CLANG_WARN_OBJC_IMPLICIT_RETAIN_SELF = YES;
				CLANG_WARN_OBJC_LITERAL_CONVERSION = YES;
				CLANG_WARN_OBJC_ROOT_CLASS = YES_ERROR;
				CLANG_WARN_QUOTED_INCLUDE_IN_FRAMEWORK_HEADER = YES;
				CLANG_WARN_RANGE_LOOP_ANALYSIS = YES;
				CLANG_WARN_STRICT_PROTOTYPES = YES;
				CLANG_WARN_SUSPICIOUS_MOVE = YES;
				CLANG_WARN_UNGUARDED_AVAILABILITY = YES_AGGRESSIVE;
				CLANG_WARN_UNREACHABLE_CODE = YES;
				CLANG_WARN__DUPLICATE_METHOD_MATCH = YES;
				COPY_PHASE_STRIP = NO;
				DEBUG_INFORMATION_FORMAT = dwarf;
				ENABLE_STRICT_OBJC_MSGSEND = YES;
				ENABLE_TESTABILITY = YES;
				GCC_C_LANGUAGE_STANDARD = gnu11;
				GCC_DYNAMIC_NO_PIC = NO;
				GCC_NO_COMMON_BLOCKS = YES;
				GCC_OPTIMIZATION_LEVEL = 0;
				GCC_PREPROCESSOR_DEFINITIONS = (
					"DEBUG=1",
					"$(inherited)",
				);
				GCC_WARN_64_TO_32_BIT_CONVERSION = YES;
				GCC_WARN_ABOUT_RETURN_TYPE = YES_ERROR;
				GCC_WARN_UNDECLARED_SELECTOR = YES;
				GCC_WARN_UNINITIALIZED_AUTOS = YES_AGGRESSIVE;
				GCC_WARN_UNUSED_FUNCTION = YES;
				GCC_WARN_UNUSED_VARIABLE = YES;
				MACOSX_DEPLOYMENT_TARGET = 12.3;
				MTL_ENABLE_DEBUG_INFO = INCLUDE_SOURCE;
				MTL_FAST_MATH = YES;
				ONLY_ACTIVE_ARCH = YES;
				SDKROOT = macosx;
			};
			name = Debug;
		};
		9C501A9D284BC35000C03F0F /* Release */ = {
			isa = XCBuildConfiguration;
			buildSettings = {
				ALWAYS_SEARCH_USER_PATHS = NO;
				CLANG_ANALYZER_NONNULL = YES;
				CLANG_ANALYZER_NUMBER_OBJECT_CONVERSION = YES_AGGRESSIVE;
				CLANG_CXX_LANGUAGE_STANDARD = "gnu++17";
				CLANG_ENABLE_MODULES = YES;
				CLANG_ENABLE_OBJC_ARC = YES;
				CLANG_ENABLE_OBJC_WEAK = YES;
				CLANG_WARN_BLOCK_CAPTURE_AUTORELEASING = YES;
				CLANG_WARN_BOOL_CONVERSION = YES;
				CLANG_WARN_COMMA = YES;
				CLANG_WARN_CONSTANT_CONVERSION = YES;
				CLANG_WARN_DEPRECATED_OBJC_IMPLEMENTATIONS = YES;
				CLANG_WARN_DIRECT_OBJC_ISA_USAGE = YES_ERROR;
				CLANG_WARN_DOCUMENTATION_COMMENTS = YES;
				CLANG_WARN_EMPTY_BODY = YES;
				CLANG_WARN_ENUM_CONVERSION = YES;
				CLANG_WARN_INFINITE_RECURSION = YES;
				CLANG_WARN_INT_CONVERSION = YES;
				CLANG_WARN_NON_LITERAL_NULL_CONVERSION = YES;
				CLANG_WARN_OBJC_IMPLICIT_RETAIN_SELF = YES;
				CLANG_WARN_OBJC_LITERAL_CONVERSION = YES;
				CLANG_WARN_OBJC_ROOT_CLASS = YES_ERROR;
				CLANG_WARN_QUOTED_INCLUDE_IN_FRAMEWORK_HEADER = YES;
				CLANG_WARN_RANGE_LOOP_ANALYSIS = YES;
				CLANG_WARN_STRICT_PROTOTYPES = YES;
				CLANG_WARN_SUSPICIOUS_MOVE = YES;
				CLANG_WARN_UNGUARDED_AVAILABILITY = YES_AGGRESSIVE;
				CLANG_WARN_UNREACHABLE_CODE = YES;
				CLANG_WARN__DUPLICATE_METHOD_MATCH = YES;
				COPY_PHASE_STRIP = NO;
				DEBUG_INFORMATION_FORMAT = "dwarf-with-dsym";
				ENABLE_NS_ASSERTIONS = NO;
				ENABLE_STRICT_OBJC_MSGSEND = YES;
				GCC_C_LANGUAGE_STANDARD = gnu11;
				GCC_NO_COMMON_BLOCKS = YES;
				GCC_WARN_64_TO_32_BIT_CONVERSION = YES;
				GCC_WARN_ABOUT_RETURN_TYPE = YES_ERROR;
				GCC_WARN_UNDECLARED_SELECTOR = YES;
				GCC_WARN_UNINITIALIZED_AUTOS = YES_AGGRESSIVE;
				GCC_WARN_UNUSED_FUNCTION = YES;
				GCC_WARN_UNUSED_VARIABLE = YES;
				MACOSX_DEPLOYMENT_TARGET = 12.3;
				MTL_ENABLE_DEBUG_INFO = NO;
				MTL_FAST_MATH = YES;
				SDKROOT = macosx;
			};
			name = Release;
		};
		9C501A9F284BC35000C03F0F /* Debug */ = {
			isa = XCBuildConfiguration;
			buildSettings = {
				CODE_SIGN_STYLE = Manual;
				DEVELOPMENT_TEAM = "";
				GCC_PREPROCESSOR_DEFINITIONS = GLEW_STATIC;
				HEADER_SEARCH_PATHS = (
					"$(PROJECT_DIR)/Dependencies/Include",
					/usr/local/include,
				);
				LIBRARY_SEARCH_PATHS = (
					"$(inherited)",
					"$(PROJECT_DIR)/Dependencies/Libraries",
					/usr/local/lib,
				);
				NEW_SETTING = "";
				PRODUCT_NAME = "$(TARGET_NAME)";
				PROVISIONING_PROFILE_SPECIFIER = "";
			};
			name = Debug;
		};
		9C501AA0284BC35000C03F0F /* Release */ = {
			isa = XCBuildConfiguration;
			buildSettings = {
				CODE_SIGN_STYLE = Manual;
				DEVELOPMENT_TEAM = "";
				GCC_PREPROCESSOR_DEFINITIONS = GLEW_STATIC;
				HEADER_SEARCH_PATHS = (
					"$(PROJECT_DIR)/Dependencies/Include",
					/usr/local/include,
				);
				LIBRARY_SEARCH_PATHS = (
					"$(inherited)",
					"$(PROJECT_DIR)/Dependencies/Libraries",
					/usr/local/lib,
				);
				NEW_SETTING = "";
				PRODUCT_NAME = "$(TARGET_NAME)";
				PROVISIONING_PROFILE_SPECIFIER = "";
			};
			name = Release;
		};
		9C80D87628638E1100CB2005 /* Debug */ = {
			isa = XCBuildConfiguration;
			buildSettings = {
				CODE_SIGN_STYLE = Automatic;
				HEADER_SEARCH_PATHS = (
					/usr/local/include,
					"$(PROJECT_DIR)/Dependencies/Include",
				);
				LIBRARY_SEARCH_PATHS = (
					/usr/local/lib,
					"$(PROJECT_DIR)/Dependencies/Libraries",
				);
				PRODUCT_NAME = "$(TARGET_NAME)";
			};
			name = Debug;
		};
		9C80D87728638E1100CB2005 /* Release */ = {
			isa = XCBuildConfiguration;
			buildSettings = {
				CODE_SIGN_STYLE = Automatic;
				HEADER_SEARCH_PATHS = (
					/usr/local/include,
					"$(PROJECT_DIR)/Dependencies/Include",
				);
				LIBRARY_SEARCH_PATHS = (
					/usr/local/lib,
					"$(PROJECT_DIR)/Dependencies/Libraries",
				);
				PRODUCT_NAME = "$(TARGET_NAME)";
			};
			name = Release;
		};
		9CB2BA6E28533BCE0062C30D /* Debug */ = {
			isa = XCBuildConfiguration;
			buildSettings = {
				CODE_SIGN_STYLE = Automatic;
				HEADER_SEARCH_PATHS = (
					/usr/local/include,
					"$(PROJECT_DIR)/Dependencies/Include",
				);
				LIBRARY_SEARCH_PATHS = (
					/usr/local/lib,
					"$(PROJECT_DIR)/Dependencies/Libraries",
				);
				PRODUCT_NAME = "$(TARGET_NAME)";
			};
			name = Debug;
		};
		9CB2BA6F28533BCE0062C30D /* Release */ = {
			isa = XCBuildConfiguration;
			buildSettings = {
				CODE_SIGN_STYLE = Automatic;
				HEADER_SEARCH_PATHS = (
					/usr/local/include,
					"$(PROJECT_DIR)/Dependencies/Include",
				);
				LIBRARY_SEARCH_PATHS = (
					/usr/local/lib,
					"$(PROJECT_DIR)/Dependencies/Libraries",
				);
				PRODUCT_NAME = "$(TARGET_NAME)";
			};
			name = Release;
		};
		9CE38ACA28510C0C00968F9D /* Debug */ = {
			isa = XCBuildConfiguration;
			buildSettings = {
				CODE_SIGN_STYLE = Automatic;
				HEADER_SEARCH_PATHS = (
					/usr/local/include,
					"$(PROJECT_DIR)/Dependencies/Include",
				);
				LIBRARY_SEARCH_PATHS = (
					"$(PROJECT_DIR)/Dependencies/Libraries",
					/usr/local/lib,
					"$(inherited)",
				);
				PRODUCT_NAME = "$(TARGET_NAME)";
			};
			name = Debug;
		};
		9CE38ACB28510C0C00968F9D /* Release */ = {
			isa = XCBuildConfiguration;
			buildSettings = {
				CODE_SIGN_STYLE = Automatic;
				HEADER_SEARCH_PATHS = (
					/usr/local/include,
					"$(PROJECT_DIR)/Dependencies/Include",
				);
				LIBRARY_SEARCH_PATHS = (
					"$(PROJECT_DIR)/Dependencies/Libraries",
					/usr/local/lib,
					"$(inherited)",
				);
				PRODUCT_NAME = "$(TARGET_NAME)";
			};
			name = Release;
		};
/* End XCBuildConfiguration section */

/* Begin XCConfigurationList section */
		9C501A92284BC35000C03F0F /* Build configuration list for PBXProject "OpenGL Tutorial" */ = {
			isa = XCConfigurationList;
			buildConfigurations = (
				9C501A9C284BC35000C03F0F /* Debug */,
				9C501A9D284BC35000C03F0F /* Release */,
			);
			defaultConfigurationIsVisible = 0;
			defaultConfigurationName = Release;
		};
		9C501A9E284BC35000C03F0F /* Build configuration list for PBXNativeTarget "1-Triangle" */ = {
			isa = XCConfigurationList;
			buildConfigurations = (
				9C501A9F284BC35000C03F0F /* Debug */,
				9C501AA0284BC35000C03F0F /* Release */,
			);
			defaultConfigurationIsVisible = 0;
			defaultConfigurationName = Release;
		};
		9C80D87528638E1100CB2005 /* Build configuration list for PBXNativeTarget "4-Batching" */ = {
			isa = XCConfigurationList;
			buildConfigurations = (
				9C80D87628638E1100CB2005 /* Debug */,
				9C80D87728638E1100CB2005 /* Release */,
			);
			defaultConfigurationIsVisible = 0;
			defaultConfigurationName = Release;
		};
		9CB2BA7028533BCE0062C30D /* Build configuration list for PBXNativeTarget "3-imGui" */ = {
			isa = XCConfigurationList;
			buildConfigurations = (
				9CB2BA6E28533BCE0062C30D /* Debug */,
				9CB2BA6F28533BCE0062C30D /* Release */,
			);
			defaultConfigurationIsVisible = 0;
			defaultConfigurationName = Release;
		};
		9CE38AC928510C0C00968F9D /* Build configuration list for PBXNativeTarget "2-Square" */ = {
			isa = XCConfigurationList;
			buildConfigurations = (
				9CE38ACA28510C0C00968F9D /* Debug */,
				9CE38ACB28510C0C00968F9D /* Release */,
			);
			defaultConfigurationIsVisible = 0;
			defaultConfigurationName = Release;
		};
/* End XCConfigurationList section */
	};
	rootObject = 9C501A8F284BC35000C03F0F /* Project object */;
}
